# THIS IS AN AUTOGENERATED FILE. DO NOT EDIT THIS FILE DIRECTLY.
# yarn lockfile v1


"@emotion/is-prop-valid@^0.8.2":
  version "0.8.8"
  resolved "https://registry.yarnpkg.com/@emotion/is-prop-valid/-/is-prop-valid-0.8.8.tgz#db28b1c4368a259b60a97311d6a952d4fd01ac1a"
  integrity sha512-u5WtneEAr5IDG2Wv65yhunPSMLIpuKsbuOktRojfrEiEvRyC85LgPMZI63cr7NUqT8ZIGdSVg8ZKGxIug4lXcA==
  dependencies:
    "@emotion/memoize" "0.7.4"

"@emotion/memoize@0.7.4":
  version "0.7.4"
  resolved "https://registry.yarnpkg.com/@emotion/memoize/-/memoize-0.7.4.tgz#19bf0f5af19149111c40d98bb0cf82119f5d9eeb"
  integrity sha512-Ja/Vfqe3HpuzRsG1oBtWTHk2PGZ7GR+2Vz5iYGelAw8dx32K0y7PjVuxK6z1nMpZOqAFsRUPCkK1YjJ56qJlgw==

"@floating-ui/core@^1.2.1":
  version "1.2.1"
  resolved "https://registry.yarnpkg.com/@floating-ui/core/-/core-1.2.1.tgz#074182a1d277f94569c50a6b456e62585d463c8e"
  integrity sha512-LSqwPZkK3rYfD7GKoIeExXOyYx6Q1O4iqZWwIehDNuv3Dv425FIAE8PRwtAx1imEolFTHgBEcoFHm9MDnYgPCg==

"@floating-ui/dom@^1.2.1":
  version "1.2.1"
  resolved "https://registry.yarnpkg.com/@floating-ui/dom/-/dom-1.2.1.tgz#8f93906e1a3b9f606ce78afb058e874344dcbe07"
  integrity sha512-Rt45SmRiV8eU+xXSB9t0uMYiQ/ZWGE/jumse2o3i5RGlyvcbqOF4q+1qBnzLE2kZ5JGhq0iMkcGXUKbFe7MpTA==
  dependencies:
    "@floating-ui/core" "^1.2.1"

"@floating-ui/react-dom@^1.3.0":
  version "1.3.0"
  resolved "https://registry.yarnpkg.com/@floating-ui/react-dom/-/react-dom-1.3.0.tgz#4d35d416eb19811c2b0e9271100a6aa18c1579b3"
  integrity sha512-htwHm67Ji5E/pROEAr7f8IKFShuiCKHwUC/UY4vC3I5jiSvGFAYnSYiZO5MlGmads+QqvUkR9ANHEguGrDv72g==
  dependencies:
    "@floating-ui/dom" "^1.2.1"

"@floating-ui/react@^0.19.2":
  version "0.19.2"
  resolved "https://registry.yarnpkg.com/@floating-ui/react/-/react-0.19.2.tgz#c6e4d2097ed0dca665a7c042ddf9cdecc95e9412"
  integrity sha512-JyNk4A0Ezirq8FlXECvRtQOX/iBe5Ize0W/pLkrZjfHW9GUV7Xnq6zm6fyZuQzaHHqEnVizmvlA96e1/CkZv+w==
  dependencies:
    "@floating-ui/react-dom" "^1.3.0"
    aria-hidden "^1.1.3"
    tabbable "^6.0.1"

"@motionone/animation@^10.15.1":
  version "10.15.1"
  resolved "https://registry.yarnpkg.com/@motionone/animation/-/animation-10.15.1.tgz#4a85596c31cbc5100ae8eb8b34c459fb0ccf6807"
  integrity sha512-mZcJxLjHor+bhcPuIFErMDNyrdb2vJur8lSfMCsuCB4UyV8ILZLvK+t+pg56erv8ud9xQGK/1OGPt10agPrCyQ==
  dependencies:
    "@motionone/easing" "^10.15.1"
    "@motionone/types" "^10.15.1"
    "@motionone/utils" "^10.15.1"
    tslib "^2.3.1"

"@motionone/dom@^10.15.3":
  version "10.15.5"
  resolved "https://registry.yarnpkg.com/@motionone/dom/-/dom-10.15.5.tgz#4af18f8136d85c2fc997cac98121c969f6731802"
  integrity sha512-Xc5avlgyh3xukU9tydh9+8mB8+2zAq+WlLsC3eEIp7Ax7DnXgY7Bj/iv0a4X2R9z9ZFZiaXK3BO0xMYHKbAAdA==
  dependencies:
    "@motionone/animation" "^10.15.1"
    "@motionone/generators" "^10.15.1"
    "@motionone/types" "^10.15.1"
    "@motionone/utils" "^10.15.1"
    hey-listen "^1.0.8"
    tslib "^2.3.1"

"@motionone/easing@^10.15.1":
  version "10.15.1"
  resolved "https://registry.yarnpkg.com/@motionone/easing/-/easing-10.15.1.tgz#95cf3adaef34da6deebb83940d8143ede3deb693"
  integrity sha512-6hIHBSV+ZVehf9dcKZLT7p5PEKHGhDwky2k8RKkmOvUoYP3S+dXsKupyZpqx5apjd9f+php4vXk4LuS+ADsrWw==
  dependencies:
    "@motionone/utils" "^10.15.1"
    tslib "^2.3.1"

"@motionone/generators@^10.15.1":
  version "10.15.1"
  resolved "https://registry.yarnpkg.com/@motionone/generators/-/generators-10.15.1.tgz#dc6abb11139d1bafe758a41c134d4c753a9b871c"
  integrity sha512-67HLsvHJbw6cIbLA/o+gsm7h+6D4Sn7AUrB/GPxvujse1cGZ38F5H7DzoH7PhX+sjvtDnt2IhFYF2Zp1QTMKWQ==
  dependencies:
    "@motionone/types" "^10.15.1"
    "@motionone/utils" "^10.15.1"
    tslib "^2.3.1"

"@motionone/types@^10.15.1":
  version "10.15.1"
  resolved "https://registry.yarnpkg.com/@motionone/types/-/types-10.15.1.tgz#89441b54285012795cbba8612cbaa0fa420db3eb"
  integrity sha512-iIUd/EgUsRZGrvW0jqdst8st7zKTzS9EsKkP+6c6n4MPZoQHwiHuVtTQLD6Kp0bsBLhNzKIBlHXponn/SDT4hA==

"@motionone/utils@^10.15.1":
  version "10.15.1"
  resolved "https://registry.yarnpkg.com/@motionone/utils/-/utils-10.15.1.tgz#6b5f51bde75be88b5411e084310299050368a438"
  integrity sha512-p0YncgU+iklvYr/Dq4NobTRdAPv9PveRDUXabPEeOjBLSO/1FNB2phNTZxOxpi1/GZwYpAoECEa0Wam+nsmhSw==
  dependencies:
    "@motionone/types" "^10.15.1"
    hey-listen "^1.0.8"
    tslib "^2.3.1"

aria-hidden@^1.1.3:
  version "1.2.2"
  resolved "https://registry.yarnpkg.com/aria-hidden/-/aria-hidden-1.2.2.tgz#8c4f7cc88d73ca42114106fdf6f47e68d31475b8"
  integrity sha512-6y/ogyDTk/7YAe91T3E2PR1ALVKyM2QbTio5HwM+N1Q6CMlCKhvClyIjkckBswa0f2xJhjsfzIGa1yVSe1UMVA==
  dependencies:
    tslib "^2.0.0"

framer-motion@^9.0.3:
  version "9.0.3"
  resolved "https://registry.yarnpkg.com/framer-motion/-/framer-motion-9.0.3.tgz#ff61c077c3ced378fd500f7a6431527403be7837"
  integrity sha512-QcMWXcwvBmInzFpkIgtLx8VQ/+H9+EhiHVgnx6zsOWTGmcvzFqkrw6SLTZn5fKejCaf3RznqkshhxXipBpe9ig==
  dependencies:
    "@motionone/dom" "^10.15.3"
    hey-listen "^1.0.8"
    tslib "^2.4.0"
  optionalDependencies:
    "@emotion/is-prop-valid" "^0.8.2"

hey-listen@^1.0.8:
  version "1.0.8"
  resolved "https://registry.yarnpkg.com/hey-listen/-/hey-listen-1.0.8.tgz#8e59561ff724908de1aa924ed6ecc84a56a9aa68"
  integrity sha512-COpmrF2NOg4TBWUJ5UVyaCU2A88wEMkUPK4hNqyCkqHbxT92BbvfjoSozkAIIm6XhicGlJHhFdullInrdhwU8Q==

tabbable@^6.0.1:
  version "6.0.1"
  resolved "https://registry.yarnpkg.com/tabbable/-/tabbable-6.0.1.tgz#427a09b13c83ae41eed3e88abb76a4af28bde1a6"
  integrity sha512-SYJSIgeyXW7EuX1ytdneO5e8jip42oHWg9xl/o3oTYhmXusZVgiA+VlPvjIN+kHii9v90AmzTZEBcsEvuAY+TA==

tslib@^2.0.0, tslib@^2.3.1, tslib@^2.4.0:
  version "2.5.0"
  resolved "https://registry.yarnpkg.com/tslib/-/tslib-2.5.0.tgz#42bfed86f5787aeb41d031866c8f402429e0fddf"
  integrity sha512-336iVw3rtn2BUK7ORdIAHTyxHGRIHVReokCR3XjbckJMK7ms8FysBfhLR8IXnAgy7T0PTPNBWKiH514FOW/WSg==
